{
  "name": "first",
  "version": "0.0.1",
  "lockfileVersion": 1,
  "requires": true,
  "dependencies": {
    "@bioand/scope": {
      "version": "github:bioand/scope#60ece4436d24d9cba2e7a8263c5415eb150e4dee"
    },
    "@biobright/bbcrypto": {
      "version": "1.0.4",
      "resolved": "https://registry.npmjs.org/@biobright/bbcrypto/-/bbcrypto-1.0.4.tgz",
      "integrity": "sha512-GZdJkI06EflON3HnF9fJ3waHCEk3xBPrYyggobyF9IwRCYNv6V6REpY+iGSEpEFx8LnSq05cVn87e+rhh46tyw==",
      "requires": {
        "bluebird": "3.5.1"
      }
    },
    "bluebird": {
      "version": "3.5.1",
      "resolved": "https://registry.npmjs.org/bluebird/-/bluebird-3.5.1.tgz",
      "integrity": "sha512-MKiLiV+I1AA596t9w1sQJ8jkiSr5+ZKi0WKrYGUn6d1Fx+Ij4tIj+m2WMQSGczs5jZVxV339chE8iwk6F64wjA=="
    }
  }
}
